// !$*UTF8*$!
{
	archiveVersion = 1;
	classes = {
	};
	objectVersion = 56;
	objects = {

/* Begin PBXBuildFile section */
		3C27FB7E2AE9764F005C865F /* ImageModel.swift in Sources */ = {isa = PBXBuildFile; fileRef = 3C27FB7D2AE9764F005C865F /* ImageModel.swift */; };
		3C27FB802AE976B5005C865F /* UserModel.swift in Sources */ = {isa = PBXBuildFile; fileRef = 3C27FB7F2AE976B5005C865F /* UserModel.swift */; };
		3C27FB842AE97718005C865F /* UserListView.swift in Sources */ = {isa = PBXBuildFile; fileRef = 3C27FB832AE97718005C865F /* UserListView.swift */; };
		3C6DBE0A2AE2686C00F5C141 /* OptionalValues.swift in Sources */ = {isa = PBXBuildFile; fileRef = 3C6DBE092AE2686C00F5C141 /* OptionalValues.swift */; };
		3C6DBE292AE2ACAC00F5C141 /* OptionalValuesIfLet.swift in Sources */ = {isa = PBXBuildFile; fileRef = 3C6DBE282AE2ACAC00F5C141 /* OptionalValuesIfLet.swift */; };
		3C6DBE2B2AE2AF0A00F5C141 /* OptionalValuesGuardLet.swift in Sources */ = {isa = PBXBuildFile; fileRef = 3C6DBE2A2AE2AF0A00F5C141 /* OptionalValuesGuardLet.swift */; };
		3CFF02672AE96E92006ADD77 /* local.env.swift in Sources */ = {isa = PBXBuildFile; fileRef = 3CFF02662AE96E92006ADD77 /* local.env.swift */; };
		3CFF026B2AE96EE5006ADD77 /* DrinkModel.swift in Sources */ = {isa = PBXBuildFile; fileRef = 3CFF02682AE96EE4006ADD77 /* DrinkModel.swift */; };
		3CFF02732AE96F27006ADD77 /* APIRequestViewModel.swift in Sources */ = {isa = PBXBuildFile; fileRef = 3CFF02722AE96F27006ADD77 /* APIRequestViewModel.swift */; };
		3CFF02752AE96F3A006ADD77 /* RootView.swift in Sources */ = {isa = PBXBuildFile; fileRef = 3CFF02742AE96F3A006ADD77 /* RootView.swift */; };
		5274EEBB2AE7EA36001C86E5 /* LocationManager.swift in Sources */ = {isa = PBXBuildFile; fileRef = 5274EEBA2AE7EA36001C86E5 /* LocationManager.swift */; };
		5274EEBE2AE7ED5F001C86E5 /* MapView.swift in Sources */ = {isa = PBXBuildFile; fileRef = 5274EEBD2AE7ED5F001C86E5 /* MapView.swift */; };
		52CA44632AD5831900CF404B /* GitHubExerciceApp.swift in Sources */ = {isa = PBXBuildFile; fileRef = 52CA44622AD5831900CF404B /* GitHubExerciceApp.swift */; };
		52CA44652AD5831900CF404B /* ContentView.swift in Sources */ = {isa = PBXBuildFile; fileRef = 52CA44642AD5831900CF404B /* ContentView.swift */; };
		52CA44672AD5831B00CF404B /* Assets.xcassets in Resources */ = {isa = PBXBuildFile; fileRef = 52CA44662AD5831B00CF404B /* Assets.xcassets */; };
		52CA446A2AD5831B00CF404B /* Preview Assets.xcassets in Resources */ = {isa = PBXBuildFile; fileRef = 52CA44692AD5831B00CF404B /* Preview Assets.xcassets */; };
/* End PBXBuildFile section */

/* Begin PBXFileReference section */
		3C27FB7D2AE9764F005C865F /* ImageModel.swift */ = {isa = PBXFileReference; fileEncoding = 4; lastKnownFileType = sourcecode.swift; path = ImageModel.swift; sourceTree = "<group>"; };
		3C27FB7F2AE976B5005C865F /* UserModel.swift */ = {isa = PBXFileReference; fileEncoding = 4; lastKnownFileType = sourcecode.swift; path = UserModel.swift; sourceTree = "<group>"; };
		3C27FB832AE97718005C865F /* UserListView.swift */ = {isa = PBXFileReference; fileEncoding = 4; lastKnownFileType = sourcecode.swift; path = UserListView.swift; sourceTree = "<group>"; };
		3C6DBE092AE2686C00F5C141 /* OptionalValues.swift */ = {isa = PBXFileReference; lastKnownFileType = sourcecode.swift; path = OptionalValues.swift; sourceTree = "<group>"; };
		3C6DBE282AE2ACAC00F5C141 /* OptionalValuesIfLet.swift */ = {isa = PBXFileReference; lastKnownFileType = sourcecode.swift; path = OptionalValuesIfLet.swift; sourceTree = "<group>"; };
		3C6DBE2A2AE2AF0A00F5C141 /* OptionalValuesGuardLet.swift */ = {isa = PBXFileReference; lastKnownFileType = sourcecode.swift; path = OptionalValuesGuardLet.swift; sourceTree = "<group>"; };
		3CFF02662AE96E92006ADD77 /* local.env.swift */ = {isa = PBXFileReference; fileEncoding = 4; lastKnownFileType = sourcecode.swift; path = local.env.swift; sourceTree = "<group>"; };
		3CFF02682AE96EE4006ADD77 /* DrinkModel.swift */ = {isa = PBXFileReference; fileEncoding = 4; lastKnownFileType = sourcecode.swift; name = DrinkModel.swift; path = ../../../DrinkModel.swift; sourceTree = "<group>"; };
		3CFF02722AE96F27006ADD77 /* APIRequestViewModel.swift */ = {isa = PBXFileReference; fileEncoding = 4; lastKnownFileType = sourcecode.swift; name = APIRequestViewModel.swift; path = ../../../APIRequestViewModel.swift; sourceTree = "<group>"; };
		3CFF02742AE96F3A006ADD77 /* RootView.swift */ = {isa = PBXFileReference; fileEncoding = 4; lastKnownFileType = sourcecode.swift; name = RootView.swift; path = ../Views/RootView.swift; sourceTree = "<group>"; };
		5274EEBA2AE7EA36001C86E5 /* LocationManager.swift */ = {isa = PBXFileReference; lastKnownFileType = sourcecode.swift; path = LocationManager.swift; sourceTree = "<group>"; };
		5274EEBD2AE7ED5F001C86E5 /* MapView.swift */ = {isa = PBXFileReference; lastKnownFileType = sourcecode.swift; path = MapView.swift; sourceTree = "<group>"; };
		52CA445F2AD5831900CF404B /* GitHubExercice.app */ = {isa = PBXFileReference; explicitFileType = wrapper.application; includeInIndex = 0; path = GitHubExercice.app; sourceTree = BUILT_PRODUCTS_DIR; };
		52CA44622AD5831900CF404B /* GitHubExerciceApp.swift */ = {isa = PBXFileReference; lastKnownFileType = sourcecode.swift; path = GitHubExerciceApp.swift; sourceTree = "<group>"; };
		52CA44642AD5831900CF404B /* ContentView.swift */ = {isa = PBXFileReference; lastKnownFileType = sourcecode.swift; path = ContentView.swift; sourceTree = "<group>"; };
		52CA44662AD5831B00CF404B /* Assets.xcassets */ = {isa = PBXFileReference; lastKnownFileType = folder.assetcatalog; path = Assets.xcassets; sourceTree = "<group>"; };
		52CA44692AD5831B00CF404B /* Preview Assets.xcassets */ = {isa = PBXFileReference; lastKnownFileType = folder.assetcatalog; path = "Preview Assets.xcassets"; sourceTree = "<group>"; };
/* End PBXFileReference section */

/* Begin PBXFrameworksBuildPhase section */
		52CA445C2AD5831900CF404B /* Frameworks */ = {
			isa = PBXFrameworksBuildPhase;
			buildActionMask = 2147483647;
			files = (
			);
			runOnlyForDeploymentPostprocessing = 0;
		};
/* End PBXFrameworksBuildPhase section */

/* Begin PBXGroup section */
		3C6DBE032AE265CB00F5C141 /* APP */ = {
			isa = PBXGroup;
			children = (
				52CA44622AD5831900CF404B /* GitHubExerciceApp.swift */,
				3CFF02742AE96F3A006ADD77 /* RootView.swift */,
			);
			path = APP;
			sourceTree = "<group>";
		};
		3C6DBE042AE265D800F5C141 /* Views */ = {
			isa = PBXGroup;
			children = (
				52CA44642AD5831900CF404B /* ContentView.swift */,
				3C6DBE272AE2ABFD00F5C141 /* Optionals */,
				5274EEBD2AE7ED5F001C86E5 /* MapView.swift */,
				3CFF026E2AE96EFB006ADD77 /* API */,
			);
			path = Views;
			sourceTree = "<group>";
		};
		3C6DBE052AE265E200F5C141 /* Model */ = {
			isa = PBXGroup;
			children = (
				3C27FB7D2AE9764F005C865F /* ImageModel.swift */,
				3CFF02682AE96EE4006ADD77 /* DrinkModel.swift */,
				3C27FB7F2AE976B5005C865F /* UserModel.swift */,
			);
			path = Model;
			sourceTree = "<group>";
		};
		3C6DBE272AE2ABFD00F5C141 /* Optionals */ = {
			isa = PBXGroup;
			children = (
				3C6DBE092AE2686C00F5C141 /* OptionalValues.swift */,
				3C6DBE282AE2ACAC00F5C141 /* OptionalValuesIfLet.swift */,
				3C6DBE2A2AE2AF0A00F5C141 /* OptionalValuesGuardLet.swift */,
			);
			name = Optionals;
			sourceTree = "<group>";
		};
		3CFF026E2AE96EFB006ADD77 /* API */ = {
			isa = PBXGroup;
			children = (
				3C27FB832AE97718005C865F /* UserListView.swift */,
			);
			name = API;
			sourceTree = "<group>";
		};
		3CFF02712AE96F13006ADD77 /* ViewModel */ = {
			isa = PBXGroup;
			children = (
				3CFF02722AE96F27006ADD77 /* APIRequestViewModel.swift */,
			);
			name = ViewModel;
			path = Views;
			sourceTree = "<group>";
		};
		5274EEBC2AE7EAFD001C86E5 /* Helper */ = {
			isa = PBXGroup;
			children = (
				5274EEBA2AE7EA36001C86E5 /* LocationManager.swift */,
				3CFF02662AE96E92006ADD77 /* local.env.swift */,
			);
			path = Helper;
			sourceTree = "<group>";
		};
		52CA44562AD5831900CF404B = {
			isa = PBXGroup;
			children = (
				52CA44612AD5831900CF404B /* GitHubExercice */,
				52CA44602AD5831900CF404B /* Products */,
			);
			sourceTree = "<group>";
		};
		52CA44602AD5831900CF404B /* Products */ = {
			isa = PBXGroup;
			children = (
				52CA445F2AD5831900CF404B /* GitHubExercice.app */,
			);
			name = Products;
			sourceTree = "<group>";
		};
		52CA44612AD5831900CF404B /* GitHubExercice */ = {
			isa = PBXGroup;
			children = (
				3C6DBE032AE265CB00F5C141 /* APP */,
				3C6DBE042AE265D800F5C141 /* Views */,
				3C6DBE052AE265E200F5C141 /* Model */,
				3CFF02712AE96F13006ADD77 /* ViewModel */,
				5274EEBC2AE7EAFD001C86E5 /* Helper */,
				52CA44662AD5831B00CF404B /* Assets.xcassets */,
				52CA44682AD5831B00CF404B /* Preview Content */,
			);
			path = GitHubExercice;
			sourceTree = "<group>";
		};
		52CA44682AD5831B00CF404B /* Preview Content */ = {
			isa = PBXGroup;
			children = (
				52CA44692AD5831B00CF404B /* Preview Assets.xcassets */,
			);
			path = "Preview Content";
			sourceTree = "<group>";
		};
/* End PBXGroup section */

/* Begin PBXNativeTarget section */
		52CA445E2AD5831900CF404B /* GitHubExercice */ = {
			isa = PBXNativeTarget;
			buildConfigurationList = 52CA446D2AD5831B00CF404B /* Build configuration list for PBXNativeTarget "GitHubExercice" */;
			buildPhases = (
				52CA445B2AD5831900CF404B /* Sources */,
				52CA445C2AD5831900CF404B /* Frameworks */,
				52CA445D2AD5831900CF404B /* Resources */,
			);
			buildRules = (
			);
			dependencies = (
			);
			name = GitHubExercice;
			productName = GitHubExercice;
			productReference = 52CA445F2AD5831900CF404B /* GitHubExercice.app */;
			productType = "com.apple.product-type.application";
		};
/* End PBXNativeTarget section */

/* Begin PBXProject section */
		52CA44572AD5831900CF404B /* Project object */ = {
			isa = PBXProject;
			attributes = {
				BuildIndependentTargetsInParallel = 1;
				LastSwiftUpdateCheck = 1500;
				LastUpgradeCheck = 1500;
				TargetAttributes = {
					52CA445E2AD5831900CF404B = {
						CreatedOnToolsVersion = 15.0;
					};
				};
			};
			buildConfigurationList = 52CA445A2AD5831900CF404B /* Build configuration list for PBXProject "GitHubExercice" */;
			compatibilityVersion = "Xcode 14.0";
			developmentRegion = en;
			hasScannedForEncodings = 0;
			knownRegions = (
				en,
				Base,
			);
			mainGroup = 52CA44562AD5831900CF404B;
			productRefGroup = 52CA44602AD5831900CF404B /* Products */;
			projectDirPath = "";
			projectRoot = "";
			targets = (
				52CA445E2AD5831900CF404B /* GitHubExercice */,
			);
		};
/* End PBXProject section */

/* Begin PBXResourcesBuildPhase section */
		52CA445D2AD5831900CF404B /* Resources */ = {
			isa = PBXResourcesBuildPhase;
			buildActionMask = 2147483647;
			files = (
				52CA446A2AD5831B00CF404B /* Preview Assets.xcassets in Resources */,
				52CA44672AD5831B00CF404B /* Assets.xcassets in Resources */,
			);
			runOnlyForDeploymentPostprocessing = 0;
		};
/* End PBXResourcesBuildPhase section */

/* Begin PBXSourcesBuildPhase section */
		52CA445B2AD5831900CF404B /* Sources */ = {
			isa = PBXSourcesBuildPhase;
			buildActionMask = 2147483647;
			files = (
				52CA44652AD5831900CF404B /* ContentView.swift in Sources */,
				5274EEBE2AE7ED5F001C86E5 /* MapView.swift in Sources */,
				3CFF02732AE96F27006ADD77 /* APIRequestViewModel.swift in Sources */,
				3CFF02752AE96F3A006ADD77 /* RootView.swift in Sources */,
				3C6DBE0A2AE2686C00F5C141 /* OptionalValues.swift in Sources */,
				52CA44632AD5831900CF404B /* GitHubExerciceApp.swift in Sources */,
				3CFF02672AE96E92006ADD77 /* local.env.swift in Sources */,
				3C27FB842AE97718005C865F /* UserListView.swift in Sources */,
				5274EEBB2AE7EA36001C86E5 /* LocationManager.swift in Sources */,
				3C27FB802AE976B5005C865F /* UserModel.swift in Sources */,
				3C6DBE2B2AE2AF0A00F5C141 /* OptionalValuesGuardLet.swift in Sources */,
				3C6DBE292AE2ACAC00F5C141 /* OptionalValuesIfLet.swift in Sources */,
				3CFF026B2AE96EE5006ADD77 /* DrinkModel.swift in Sources */,
				3C27FB7E2AE9764F005C865F /* ImageModel.swift in Sources */,
			);
			runOnlyForDeploymentPostprocessing = 0;
		};
/* End PBXSourcesBuildPhase section */

/* Begin XCBuildConfiguration section */
		52CA446B2AD5831B00CF404B /* Debug */ = {
			isa = XCBuildConfiguration;
			buildSettings = {
				ALWAYS_SEARCH_USER_PATHS = NO;
				ASSETCATALOG_COMPILER_GENERATE_SWIFT_ASSET_SYMBOL_EXTENSIONS = YES;
				CLANG_ANALYZER_NONNULL = YES;
				CLANG_ANALYZER_NUMBER_OBJECT_CONVERSION = YES_AGGRESSIVE;
				CLANG_CXX_LANGUAGE_STANDARD = "gnu++20";
				CLANG_ENABLE_MODULES = YES;
				CLANG_ENABLE_OBJC_ARC = YES;
				CLANG_ENABLE_OBJC_WEAK = YES;
				CLANG_WARN_BLOCK_CAPTURE_AUTORELEASING = YES;
				CLANG_WARN_BOOL_CONVERSION = YES;
				CLANG_WARN_COMMA = YES;
				CLANG_WARN_CONSTANT_CONVERSION = YES;
				CLANG_WARN_DEPRECATED_OBJC_IMPLEMENTATIONS = YES;
				CLANG_WARN_DIRECT_OBJC_ISA_USAGE = YES_ERROR;
				CLANG_WARN_DOCUMENTATION_COMMENTS = YES;
				CLANG_WARN_EMPTY_BODY = YES;
				CLANG_WARN_ENUM_CONVERSION = YES;
				CLANG_WARN_INFINITE_RECURSION = YES;
				CLANG_WARN_INT_CONVERSION = YES;
				CLANG_WARN_NON_LITERAL_NULL_CONVERSION = YES;
				CLANG_WARN_OBJC_IMPLICIT_RETAIN_SELF = YES;
				CLANG_WARN_OBJC_LITERAL_CONVERSION = YES;
				CLANG_WARN_OBJC_ROOT_CLASS = YES_ERROR;
				CLANG_WARN_QUOTED_INCLUDE_IN_FRAMEWORK_HEADER = YES;
				CLANG_WARN_RANGE_LOOP_ANALYSIS = YES;
				CLANG_WARN_STRICT_PROTOTYPES = YES;
				CLANG_WARN_SUSPICIOUS_MOVE = YES;
				CLANG_WARN_UNGUARDED_AVAILABILITY = YES_AGGRESSIVE;
				CLANG_WARN_UNREACHABLE_CODE = YES;
				CLANG_WARN__DUPLICATE_METHOD_MATCH = YES;
				COPY_PHASE_STRIP = NO;
				DEBUG_INFORMATION_FORMAT = dwarf;
				ENABLE_STRICT_OBJC_MSGSEND = YES;
				ENABLE_TESTABILITY = YES;
				ENABLE_USER_SCRIPT_SANDBOXING = YES;
				GCC_C_LANGUAGE_STANDARD = gnu17;
				GCC_DYNAMIC_NO_PIC = NO;
				GCC_NO_COMMON_BLOCKS = YES;
				GCC_OPTIMIZATION_LEVEL = 0;
				GCC_PREPROCESSOR_DEFINITIONS = (
					"DEBUG=1",
					"$(inherited)",
				);
				GCC_WARN_64_TO_32_BIT_CONVERSION = YES;
				GCC_WARN_ABOUT_RETURN_TYPE = YES_ERROR;
				GCC_WARN_UNDECLARED_SELECTOR = YES;
				GCC_WARN_UNINITIALIZED_AUTOS = YES_AGGRESSIVE;
				GCC_WARN_UNUSED_FUNCTION = YES;
				GCC_WARN_UNUSED_VARIABLE = YES;
				IPHONEOS_DEPLOYMENT_TARGET = 17.0;
				LOCALIZATION_PREFERS_STRING_CATALOGS = YES;
				MTL_ENABLE_DEBUG_INFO = INCLUDE_SOURCE;
				MTL_FAST_MATH = YES;
				ONLY_ACTIVE_ARCH = YES;
				SDKROOT = iphoneos;
				SWIFT_ACTIVE_COMPILATION_CONDITIONS = "DEBUG $(inherited)";
				SWIFT_OPTIMIZATION_LEVEL = "-Onone";
			};
			name = Debug;
		};
		52CA446C2AD5831B00CF404B /* Release */ = {
			isa = XCBuildConfiguration;
			buildSettings = {
				ALWAYS_SEARCH_USER_PATHS = NO;
				ASSETCATALOG_COMPILER_GENERATE_SWIFT_ASSET_SYMBOL_EXTENSIONS = YES;
				CLANG_ANALYZER_NONNULL = YES;
				CLANG_ANALYZER_NUMBER_OBJECT_CONVERSION = YES_AGGRESSIVE;
				CLANG_CXX_LANGUAGE_STANDARD = "gnu++20";
				CLANG_ENABLE_MODULES = YES;
				CLANG_ENABLE_OBJC_ARC = YES;
				CLANG_ENABLE_OBJC_WEAK = YES;
				CLANG_WARN_BLOCK_CAPTURE_AUTORELEASING = YES;
				CLANG_WARN_BOOL_CONVERSION = YES;
				CLANG_WARN_COMMA = YES;
				CLANG_WARN_CONSTANT_CONVERSION = YES;
				CLANG_WARN_DEPRECATED_OBJC_IMPLEMENTATIONS = YES;
				CLANG_WARN_DIRECT_OBJC_ISA_USAGE = YES_ERROR;
				CLANG_WARN_DOCUMENTATION_COMMENTS = YES;
				CLANG_WARN_EMPTY_BODY = YES;
				CLANG_WARN_ENUM_CONVERSION = YES;
				CLANG_WARN_INFINITE_RECURSION = YES;
				CLANG_WARN_INT_CONVERSION = YES;
				CLANG_WARN_NON_LITERAL_NULL_CONVERSION = YES;
				CLANG_WARN_OBJC_IMPLICIT_RETAIN_SELF = YES;
				CLANG_WARN_OBJC_LITERAL_CONVERSION = YES;
				CLANG_WARN_OBJC_ROOT_CLASS = YES_ERROR;
				CLANG_WARN_QUOTED_INCLUDE_IN_FRAMEWORK_HEADER = YES;
				CLANG_WARN_RANGE_LOOP_ANALYSIS = YES;
				CLANG_WARN_STRICT_PROTOTYPES = YES;
				CLANG_WARN_SUSPICIOUS_MOVE = YES;
				CLANG_WARN_UNGUARDED_AVAILABILITY = YES_AGGRESSIVE;
				CLANG_WARN_UNREACHABLE_CODE = YES;
				CLANG_WARN__DUPLICATE_METHOD_MATCH = YES;
				COPY_PHASE_STRIP = NO;
				DEBUG_INFORMATION_FORMAT = "dwarf-with-dsym";
				ENABLE_NS_ASSERTIONS = NO;
				ENABLE_STRICT_OBJC_MSGSEND = YES;
				ENABLE_USER_SCRIPT_SANDBOXING = YES;
				GCC_C_LANGUAGE_STANDARD = gnu17;
				GCC_NO_COMMON_BLOCKS = YES;
				GCC_WARN_64_TO_32_BIT_CONVERSION = YES;
				GCC_WARN_ABOUT_RETURN_TYPE = YES_ERROR;
				GCC_WARN_UNDECLARED_SELECTOR = YES;
				GCC_WARN_UNINITIALIZED_AUTOS = YES_AGGRESSIVE;
				GCC_WARN_UNUSED_FUNCTION = YES;
				GCC_WARN_UNUSED_VARIABLE = YES;
				IPHONEOS_DEPLOYMENT_TARGET = 17.0;
				LOCALIZATION_PREFERS_STRING_CATALOGS = YES;
				MTL_ENABLE_DEBUG_INFO = NO;
				MTL_FAST_MATH = YES;
				SDKROOT = iphoneos;
				SWIFT_COMPILATION_MODE = wholemodule;
				VALIDATE_PRODUCT = YES;
			};
			name = Release;
		};
		52CA446E2AD5831B00CF404B /* Debug */ = {
			isa = XCBuildConfiguration;
			buildSettings = {
				ASSETCATALOG_COMPILER_APPICON_NAME = AppIcon;
				ASSETCATALOG_COMPILER_GLOBAL_ACCENT_COLOR_NAME = AccentColor;
				CODE_SIGN_STYLE = Automatic;
				CURRENT_PROJECT_VERSION = 1;
				DEVELOPMENT_ASSET_PATHS = "\"GitHubExercice/Preview Content\"";
				DEVELOPMENT_TEAM = 52DP6J7QNT;
				ENABLE_PREVIEWS = YES;
				GENERATE_INFOPLIST_FILE = YES;
				INFOPLIST_KEY_LSApplicationCategoryType = "";
				INFOPLIST_KEY_NSLocationWhenInUseUsageDescription = "Autoriser l'app ";
				INFOPLIST_KEY_UIApplicationSceneManifest_Generation = YES;
				INFOPLIST_KEY_UIApplicationSupportsIndirectInputEvents = YES;
				INFOPLIST_KEY_UILaunchScreen_Generation = YES;
				INFOPLIST_KEY_UISupportedInterfaceOrientations_iPad = "UIInterfaceOrientationPortrait UIInterfaceOrientationPortraitUpsideDown UIInterfaceOrientationLandscapeLeft UIInterfaceOrientationLandscapeRight";
				INFOPLIST_KEY_UISupportedInterfaceOrientations_iPhone = "UIInterfaceOrientationPortrait UIInterfaceOrientationLandscapeLeft UIInterfaceOrientationLandscapeRight";
				LD_RUNPATH_SEARCH_PATHS = (
					"$(inherited)",
					"@executable_path/Frameworks",
				);
				MARKETING_VERSION = 1.0;
				PRODUCT_BUNDLE_IDENTIFIER = com.florent.GitHubExercice;
				PRODUCT_NAME = "$(TARGET_NAME)";
				SWIFT_EMIT_LOC_STRINGS = YES;
				SWIFT_VERSION = 5.0;
				TARGETED_DEVICE_FAMILY = "1,2";
			};
			name = Debug;
		};
		52CA446F2AD5831B00CF404B /* Release */ = {
			isa = XCBuildConfiguration;
			buildSettings = {
				ASSETCATALOG_COMPILER_APPICON_NAME = AppIcon;
				ASSETCATALOG_COMPILER_GLOBAL_ACCENT_COLOR_NAME = AccentColor;
				CODE_SIGN_STYLE = Automatic;
				CURRENT_PROJECT_VERSION = 1;
				DEVELOPMENT_ASSET_PATHS = "\"GitHubExercice/Preview Content\"";
				DEVELOPMENT_TEAM = 52DP6J7QNT;
				ENABLE_PREVIEWS = YES;
				GENERATE_INFOPLIST_FILE = YES;
				INFOPLIST_KEY_LSApplicationCategoryType = "";
				INFOPLIST_KEY_NSLocationWhenInUseUsageDescription = "Autoriser l'app ";
				INFOPLIST_KEY_UIApplicationSceneManifest_Generation = YES;
				INFOPLIST_KEY_UIApplicationSupportsIndirectInputEvents = YES;
				INFOPLIST_KEY_UILaunchScreen_Generation = YES;
				INFOPLIST_KEY_UISupportedInterfaceOrientations_iPad = "UIInterfaceOrientationPortrait UIInterfaceOrientationPortraitUpsideDown UIInterfaceOrientationLandscapeLeft UIInterfaceOrientationLandscapeRight";
				INFOPLIST_KEY_UISupportedInterfaceOrientations_iPhone = "UIInterfaceOrientationPortrait UIInterfaceOrientationLandscapeLeft UIInterfaceOrientationLandscapeRight";
				LD_RUNPATH_SEARCH_PATHS = (
					"$(inherited)",
					"@executable_path/Frameworks",
				);
				MARKETING_VERSION = 1.0;
				PRODUCT_BUNDLE_IDENTIFIER = com.florent.GitHubExercice;
				PRODUCT_NAME = "$(TARGET_NAME)";
				SWIFT_EMIT_LOC_STRINGS = YES;
				SWIFT_VERSION = 5.0;
				TARGETED_DEVICE_FAMILY = "1,2";
			};
			name = Release;
		};
/* End XCBuildConfiguration section */

/* Begin XCConfigurationList section */
		52CA445A2AD5831900CF404B /* Build configuration list for PBXProject "GitHubExercice" */ = {
			isa = XCConfigurationList;
			buildConfigurations = (
				52CA446B2AD5831B00CF404B /* Debug */,
				52CA446C2AD5831B00CF404B /* Release */,
			);
			defaultConfigurationIsVisible = 0;
			defaultConfigurationName = Release;
		};
		52CA446D2AD5831B00CF404B /* Build configuration list for PBXNativeTarget "GitHubExercice" */ = {
			isa = XCConfigurationList;
			buildConfigurations = (
				52CA446E2AD5831B00CF404B /* Debug */,
				52CA446F2AD5831B00CF404B /* Release */,
			);
			defaultConfigurationIsVisible = 0;
			defaultConfigurationName = Release;
		};
/* End XCConfigurationList section */
	};
	rootObject = 52CA44572AD5831900CF404B /* Project object */;
}
